
Microsoft Visual Studio Solution File, Format Version 12.00
# Visual Studio 15
VisualStudioVersion = 15.0.27703.2018
MinimumVisualStudioVersion = 10.0.40219.1
Project("{FAE04EC0-301F-11D3-BF4B-00C04F79EFBC}") = "BaseTestingApp", "App2\BaseTestingApp.csproj", "{2C826F15-F210-4F5B-98AB-F1D16EE0960D}"
EndProject
Global
	GlobalSection(SolutionConfigurationPlatforms) = preSolution
		Debug|ARM = Debug|ARM
		Debug|x64 = Debug|x64
		Debug|x86 = Debug|x86
		Release|ARM = Release|ARM
		Release|x64 = Release|x64
		Release|x86 = Release|x86
	EndGlobalSection
	GlobalSection(ProjectConfigurationPlatforms) = postSolution
		{2C826F15-F210-4F5B-98AB-F1D16EE0960D}.Debug|ARM.ActiveCfg = Debug|ARM
		{2C826F15-F210-4F5B-98AB-F1D16EE0960D}.Debug|ARM.Build.0 = Debug|ARM
		{2C826F15-F210-4F5B-98AB-F1D16EE0960D}.Debug|ARM.Deploy.0 = Debug|ARM
		{2C826F15-F210-4F5B-98AB-F1D16EE0960D}.Debug|x64.ActiveCfg = Debug|x64
		{2C826F15-F210-4F5B-98AB-F1D16EE0960D}.Debug|x64.Build.0 = Debug|x64
		{2C826F15-F210-4F5B-98AB-F1D16EE0960D}.Debug|x64.Deploy.0 = Debug|x64
		{2C826F15-F210-4F5B-98AB-F1D16EE0960D}.Debug|x86.ActiveCfg = Debug|x86
		{2C826F15-F210-4F5B-98AB-F1D16EE0960D}.Debug|x86.Build.0 = Debug|x86
		{2C826F15-F210-4F5B-98AB-F1D16EE0960D}.Debug|x86.Deploy.0 = Debug|x86
		{2C826F15-F210-4F5B-98AB-F1D16EE0960D}.Release|ARM.ActiveCfg = Release|ARM
		{2C826F15-F210-4F5B-98AB-F1D16EE0960D}.Release|ARM.Build.0 = Release|ARM
		{2C826F15-F210-4F5B-98AB-F1D16EE0960D}.Release|ARM.Deploy.0 = Release|ARM
		{2C826F15-F210-4F5B-98AB-F1D16EE0960D}.Release|x64.ActiveCfg = Release|x64
		{2C826F15-F210-4F5B-98AB-F1D16EE0960D}.Release|x64.Build.0 = Release|x64
		{2C826F15-F210-4F5B-98AB-F1D16EE0960D}.Release|x64.Deploy.0 = Release|x64
		{2C826F15-F210-4F5B-98AB-F1D16EE0960D}.Release|x86.ActiveCfg = Release|x86
		{2C826F15-F210-4F5B-98AB-F1D16EE0960D}.Release|x86.Build.0 = Release|x86
		{2C826F15-F210-4F5B-98AB-F1D16EE0960D}.Release|x86.Deploy.0 = Release|x86
	EndGlobalSection
	GlobalSection(SolutionProperties) = preSolution
		HideSolutionNode = FALSE
	EndGlobalSection
	GlobalSection(ExtensibilityGlobals) = postSolution
		SolutionGuid = {D06623AB-EC4C-4D7E-8E56-864121E64DA7}
	EndGlobalSection
EndGlobal
