
Microsoft Visual Studio Solution File, Format Version 12.00
# Visual Studio 15
VisualStudioVersion = 15.0.27703.2000
MinimumVisualStudioVersion = 10.0.40219.1
Project("{FAE04EC0-301F-11D3-BF4B-00C04F79EFBC}") = "BaseTestingApp", "BaseTestingApp\BaseTestingApp.csproj", "{24A33172-E3DA-4475-A146-BD58675F2CB3}"
EndProject
Global
	GlobalSection(SolutionConfigurationPlatforms) = preSolution
		Debug|ARM = Debug|ARM
		Debug|x64 = Debug|x64
		Debug|x86 = Debug|x86
		Release|ARM = Release|ARM
		Release|x64 = Release|x64
		Release|x86 = Release|x86
	EndGlobalSection
	GlobalSection(ProjectConfigurationPlatforms) = postSolution
		{24A33172-E3DA-4475-A146-BD58675F2CB3}.Debug|ARM.ActiveCfg = Debug|ARM
		{24A33172-E3DA-4475-A146-BD58675F2CB3}.Debug|ARM.Build.0 = Debug|ARM
		{24A33172-E3DA-4475-A146-BD58675F2CB3}.Debug|ARM.Deploy.0 = Debug|ARM
		{24A33172-E3DA-4475-A146-BD58675F2CB3}.Debug|x64.ActiveCfg = Debug|x64
		{24A33172-E3DA-4475-A146-BD58675F2CB3}.Debug|x64.Build.0 = Debug|x64
		{24A33172-E3DA-4475-A146-BD58675F2CB3}.Debug|x64.Deploy.0 = Debug|x64
		{24A33172-E3DA-4475-A146-BD58675F2CB3}.Debug|x86.ActiveCfg = Debug|x86
		{24A33172-E3DA-4475-A146-BD58675F2CB3}.Debug|x86.Build.0 = Debug|x86
		{24A33172-E3DA-4475-A146-BD58675F2CB3}.Debug|x86.Deploy.0 = Debug|x86
		{24A33172-E3DA-4475-A146-BD58675F2CB3}.Release|ARM.ActiveCfg = Release|ARM
		{24A33172-E3DA-4475-A146-BD58675F2CB3}.Release|ARM.Build.0 = Release|ARM
		{24A33172-E3DA-4475-A146-BD58675F2CB3}.Release|ARM.Deploy.0 = Release|ARM
		{24A33172-E3DA-4475-A146-BD58675F2CB3}.Release|x64.ActiveCfg = Release|x64
		{24A33172-E3DA-4475-A146-BD58675F2CB3}.Release|x64.Build.0 = Release|x64
		{24A33172-E3DA-4475-A146-BD58675F2CB3}.Release|x64.Deploy.0 = Release|x64
		{24A33172-E3DA-4475-A146-BD58675F2CB3}.Release|x86.ActiveCfg = Release|x86
		{24A33172-E3DA-4475-A146-BD58675F2CB3}.Release|x86.Build.0 = Release|x86
		{24A33172-E3DA-4475-A146-BD58675F2CB3}.Release|x86.Deploy.0 = Release|x86
	EndGlobalSection
	GlobalSection(SolutionProperties) = preSolution
		HideSolutionNode = FALSE
	EndGlobalSection
	GlobalSection(ExtensibilityGlobals) = postSolution
		SolutionGuid = {7721A5B1-4ECD-473E-A79E-50F2EB1E77A5}
	EndGlobalSection
EndGlobal
